
Microsoft Visual Studio Solution File, Format Version 12.00
# Visual Studio Version 17
VisualStudioVersion = 17.0.32112.339
MinimumVisualStudioVersion = 10.0.40219.1
Project("{FAE04EC0-301F-11D3-BF4B-00C04F79EFBC}") = "Exercicio01.ConsoleApp", "ListaExercicios03.ConsoleApp\Exercicio01.ConsoleApp.csproj", "{01714841-F93D-4F53-8554-8BB86E15A9CA}"
EndProject
Project("{FAE04EC0-301F-11D3-BF4B-00C04F79EFBC}") = "Exercicio02.ConsoleApp", "Exercicio02.ConsoleApp\Exercicio02.ConsoleApp.csproj", "{6894CEF0-039F-40F8-BA2A-322463C8A902}"
EndProject
Project("{FAE04EC0-301F-11D3-BF4B-00C04F79EFBC}") = "Exercicio03.ConsoleApp", "Exercicio03.ConsoleApp\Exercicio03.ConsoleApp.csproj", "{8BC387BE-ACD7-47C6-9FC7-B95864593093}"
EndProject
Project("{FAE04EC0-301F-11D3-BF4B-00C04F79EFBC}") = "Exercicio04.ConsoleApp", "Exercicio04.ConsoleApp\Exercicio04.ConsoleApp.csproj", "{41B542D9-21E0-4A4A-83E8-8B8FE4BA853E}"
EndProject
Project("{FAE04EC0-301F-11D3-BF4B-00C04F79EFBC}") = "Exercicio05.ConsoleApp", "Exercicio05.ConsoleApp\Exercicio05.ConsoleApp.csproj", "{A2C49A78-ABCB-4B8F-89C0-EE93E010F7F4}"
EndProject
Global
	GlobalSection(SolutionConfigurationPlatforms) = preSolution
		Debug|Any CPU = Debug|Any CPU
		Release|Any CPU = Release|Any CPU
	EndGlobalSection
	GlobalSection(ProjectConfigurationPlatforms) = postSolution
		{01714841-F93D-4F53-8554-8BB86E15A9CA}.Debug|Any CPU.ActiveCfg = Debug|Any CPU
		{01714841-F93D-4F53-8554-8BB86E15A9CA}.Debug|Any CPU.Build.0 = Debug|Any CPU
		{01714841-F93D-4F53-8554-8BB86E15A9CA}.Release|Any CPU.ActiveCfg = Release|Any CPU
		{01714841-F93D-4F53-8554-8BB86E15A9CA}.Release|Any CPU.Build.0 = Release|Any CPU
		{6894CEF0-039F-40F8-BA2A-322463C8A902}.Debug|Any CPU.ActiveCfg = Debug|Any CPU
		{6894CEF0-039F-40F8-BA2A-322463C8A902}.Debug|Any CPU.Build.0 = Debug|Any CPU
		{6894CEF0-039F-40F8-BA2A-322463C8A902}.Release|Any CPU.ActiveCfg = Release|Any CPU
		{6894CEF0-039F-40F8-BA2A-322463C8A902}.Release|Any CPU.Build.0 = Release|Any CPU
		{8BC387BE-ACD7-47C6-9FC7-B95864593093}.Debug|Any CPU.ActiveCfg = Debug|Any CPU
		{8BC387BE-ACD7-47C6-9FC7-B95864593093}.Debug|Any CPU.Build.0 = Debug|Any CPU
		{8BC387BE-ACD7-47C6-9FC7-B95864593093}.Release|Any CPU.ActiveCfg = Release|Any CPU
		{8BC387BE-ACD7-47C6-9FC7-B95864593093}.Release|Any CPU.Build.0 = Release|Any CPU
		{41B542D9-21E0-4A4A-83E8-8B8FE4BA853E}.Debug|Any CPU.ActiveCfg = Debug|Any CPU
		{41B542D9-21E0-4A4A-83E8-8B8FE4BA853E}.Debug|Any CPU.Build.0 = Debug|Any CPU
		{41B542D9-21E0-4A4A-83E8-8B8FE4BA853E}.Release|Any CPU.ActiveCfg = Release|Any CPU
		{41B542D9-21E0-4A4A-83E8-8B8FE4BA853E}.Release|Any CPU.Build.0 = Release|Any CPU
		{A2C49A78-ABCB-4B8F-89C0-EE93E010F7F4}.Debug|Any CPU.ActiveCfg = Debug|Any CPU
		{A2C49A78-ABCB-4B8F-89C0-EE93E010F7F4}.Debug|Any CPU.Build.0 = Debug|Any CPU
		{A2C49A78-ABCB-4B8F-89C0-EE93E010F7F4}.Release|Any CPU.ActiveCfg = Release|Any CPU
		{A2C49A78-ABCB-4B8F-89C0-EE93E010F7F4}.Release|Any CPU.Build.0 = Release|Any CPU
	EndGlobalSection
	GlobalSection(SolutionProperties) = preSolution
		HideSolutionNode = FALSE
	EndGlobalSection
	GlobalSection(ExtensibilityGlobals) = postSolution
		SolutionGuid = {FE17E791-AF5B-4D6D-8015-2D702EE97ED3}
	EndGlobalSection
EndGlobal
